
Microsoft Visual Studio Solution File, Format Version 12.00
# Visual Studio Version 17
VisualStudioVersion = 17.0.31903.59
MinimumVisualStudioVersion = 10.0.40219.1
Project("{FAE04EC0-301F-11D3-BF4B-00C04F79EFBC}") = "CNC_Controller_Initial", "CNC_Controller_Initial\CNC_Controller_Initial.csproj", "{9FC609A7-5E4E-46AB-9ECF-955AB959D27B}"
EndProject
Global
	GlobalSection(SolutionConfigurationPlatforms) = preSolution
		Debug|Any CPU = Debug|Any CPU
		Release|Any CPU = Release|Any CPU
	EndGlobalSection
	GlobalSection(ProjectConfigurationPlatforms) = postSolution
		{9FC609A7-5E4E-46AB-9ECF-955AB959D27B}.Debug|Any CPU.ActiveCfg = Debug|Any CPU
		{9FC609A7-5E4E-46AB-9ECF-955AB959D27B}.Debug|Any CPU.Build.0 = Debug|Any CPU
		{9FC609A7-5E4E-46AB-9ECF-955AB959D27B}.Release|Any CPU.ActiveCfg = Release|Any CPU
		{9FC609A7-5E4E-46AB-9ECF-955AB959D27B}.Release|Any CPU.Build.0 = Release|Any CPU
	EndGlobalSection
	GlobalSection(SolutionProperties) = preSolution
		HideSolutionNode = FALSE
	EndGlobalSection
	GlobalSection(ExtensibilityGlobals) = postSolution
		SolutionGuid = {13C6B0B2-D499-4FEC-8C42-312806002F03}
	EndGlobalSection
EndGlobal
